
Microsoft Visual Studio Solution File, Format Version 12.00
# Visual Studio 15
VisualStudioVersion = 15.0.28307.1778
MinimumVisualStudioVersion = 10.0.40219.1
Project("{FAE04EC0-301F-11D3-BF4B-00C04F79EFBC}") = "KP_bicycle_store", "KP_bicycle_store\KP_bicycle_store.csproj", "{07C6AD43-8A66-4D33-8A44-53B3B5A17D33}"
EndProject
Global
	GlobalSection(SolutionConfigurationPlatforms) = preSolution
		Debug|Any CPU = Debug|Any CPU
		Release|Any CPU = Release|Any CPU
	EndGlobalSection
	GlobalSection(ProjectConfigurationPlatforms) = postSolution
		{07C6AD43-8A66-4D33-8A44-53B3B5A17D33}.Debug|Any CPU.ActiveCfg = Debug|Any CPU
		{07C6AD43-8A66-4D33-8A44-53B3B5A17D33}.Debug|Any CPU.Build.0 = Debug|Any CPU
		{07C6AD43-8A66-4D33-8A44-53B3B5A17D33}.Release|Any CPU.ActiveCfg = Release|Any CPU
		{07C6AD43-8A66-4D33-8A44-53B3B5A17D33}.Release|Any CPU.Build.0 = Release|Any CPU
	EndGlobalSection
	GlobalSection(SolutionProperties) = preSolution
		HideSolutionNode = FALSE
	EndGlobalSection
	GlobalSection(ExtensibilityGlobals) = postSolution
		SolutionGuid = {E4965388-100E-4518-AA0C-DED741321925}
	EndGlobalSection
EndGlobal
